// !$*UTF8*$!
{
	archiveVersion = 1;
	classes = {
	};
	objectVersion = 56;
	objects = {

/* Begin PBXBuildFile section */
		B3542ED92C92DC96006AE9DB /* LandmarkMapAppApp.swift in Sources */ = {isa = PBXBuildFile; fileRef = B3542ED82C92DC96006AE9DB /* LandmarkMapAppApp.swift */; };
		B3542EDB2C92DC96006AE9DB /* ContentView.swift in Sources */ = {isa = PBXBuildFile; fileRef = B3542EDA2C92DC96006AE9DB /* ContentView.swift */; };
		B3542EE02C92DC97006AE9DB /* Preview Assets.xcassets in Resources */ = {isa = PBXBuildFile; fileRef = B3542EDF2C92DC97006AE9DB /* Preview Assets.xcassets */; };
		B3542EE72C92DD07006AE9DB /* Assets.xcassets in Resources */ = {isa = PBXBuildFile; fileRef = B3542EE62C92DD07006AE9DB /* Assets.xcassets */; };
		B3542F062C980FC9006AE9DB /* LocationService.swift in Sources */ = {isa = PBXBuildFile; fileRef = B3542F052C980FC9006AE9DB /* LocationService.swift */; };
		B3542F082C9811BE006AE9DB /* SheetView.swift in Sources */ = {isa = PBXBuildFile; fileRef = B3542F072C9811BE006AE9DB /* SheetView.swift */; };
		B3542F0A2C9814AA006AE9DB /* SearchableMap.swift in Sources */ = {isa = PBXBuildFile; fileRef = B3542F092C9814AA006AE9DB /* SearchableMap.swift */; };
		B3542F0C2C982242006AE9DB /* JournalViewModel.swift in Sources */ = {isa = PBXBuildFile; fileRef = B3542F0B2C982242006AE9DB /* JournalViewModel.swift */; };
		B3542F0E2C991858006AE9DB /* Pin.swift in Sources */ = {isa = PBXBuildFile; fileRef = B3542F0D2C991858006AE9DB /* Pin.swift */; };
		B3542F102C991C63006AE9DB /* NewJournalEntryView.swift in Sources */ = {isa = PBXBuildFile; fileRef = B3542F0F2C991C63006AE9DB /* NewJournalEntryView.swift */; };
		B3542F122C992273006AE9DB /* ImagePickerView.swift in Sources */ = {isa = PBXBuildFile; fileRef = B3542F112C992273006AE9DB /* ImagePickerView.swift */; };
		B3542F142C99275A006AE9DB /* Journal.swift in Sources */ = {isa = PBXBuildFile; fileRef = B3542F132C99275A006AE9DB /* Journal.swift */; };
		B3542F162C9934D1006AE9DB /* JournalEntryListView.swift in Sources */ = {isa = PBXBuildFile; fileRef = B3542F152C9934D1006AE9DB /* JournalEntryListView.swift */; };
		B3542F182C993C40006AE9DB /* JournalDetailsView.swift in Sources */ = {isa = PBXBuildFile; fileRef = B3542F172C993C40006AE9DB /* JournalDetailsView.swift */; };
		B3542F1A2C99499E006AE9DB /* SearchCompletions.swift in Sources */ = {isa = PBXBuildFile; fileRef = B3542F192C99499E006AE9DB /* SearchCompletions.swift */; };
		B3542F1C2C9949B9006AE9DB /* SearchResult.swift in Sources */ = {isa = PBXBuildFile; fileRef = B3542F1B2C9949B9006AE9DB /* SearchResult.swift */; };
/* End PBXBuildFile section */

/* Begin PBXFileReference section */
		B3542ED52C92DC96006AE9DB /* LandmarkMapApp.app */ = {isa = PBXFileReference; explicitFileType = wrapper.application; includeInIndex = 0; path = LandmarkMapApp.app; sourceTree = BUILT_PRODUCTS_DIR; };
		B3542ED82C92DC96006AE9DB /* LandmarkMapAppApp.swift */ = {isa = PBXFileReference; lastKnownFileType = sourcecode.swift; path = LandmarkMapAppApp.swift; sourceTree = "<group>"; };
		B3542EDA2C92DC96006AE9DB /* ContentView.swift */ = {isa = PBXFileReference; lastKnownFileType = sourcecode.swift; path = ContentView.swift; sourceTree = "<group>"; };
		B3542EDF2C92DC97006AE9DB /* Preview Assets.xcassets */ = {isa = PBXFileReference; lastKnownFileType = folder.assetcatalog; path = "Preview Assets.xcassets"; sourceTree = "<group>"; };
		B3542EE62C92DD07006AE9DB /* Assets.xcassets */ = {isa = PBXFileReference; lastKnownFileType = folder.assetcatalog; path = Assets.xcassets; sourceTree = "<group>"; };
		B3542EFC2C949FCE006AE9DB /* Info.plist */ = {isa = PBXFileReference; lastKnownFileType = text.plist; path = Info.plist; sourceTree = "<group>"; };
		B3542F052C980FC9006AE9DB /* LocationService.swift */ = {isa = PBXFileReference; lastKnownFileType = sourcecode.swift; path = LocationService.swift; sourceTree = "<group>"; };
		B3542F072C9811BE006AE9DB /* SheetView.swift */ = {isa = PBXFileReference; lastKnownFileType = sourcecode.swift; path = SheetView.swift; sourceTree = "<group>"; };
		B3542F092C9814AA006AE9DB /* SearchableMap.swift */ = {isa = PBXFileReference; lastKnownFileType = sourcecode.swift; path = SearchableMap.swift; sourceTree = "<group>"; };
		B3542F0B2C982242006AE9DB /* JournalViewModel.swift */ = {isa = PBXFileReference; lastKnownFileType = sourcecode.swift; path = JournalViewModel.swift; sourceTree = "<group>"; };
		B3542F0D2C991858006AE9DB /* Pin.swift */ = {isa = PBXFileReference; lastKnownFileType = sourcecode.swift; path = Pin.swift; sourceTree = "<group>"; };
		B3542F0F2C991C63006AE9DB /* NewJournalEntryView.swift */ = {isa = PBXFileReference; lastKnownFileType = sourcecode.swift; path = NewJournalEntryView.swift; sourceTree = "<group>"; };
		B3542F112C992273006AE9DB /* ImagePickerView.swift */ = {isa = PBXFileReference; lastKnownFileType = sourcecode.swift; path = ImagePickerView.swift; sourceTree = "<group>"; };
		B3542F132C99275A006AE9DB /* Journal.swift */ = {isa = PBXFileReference; lastKnownFileType = sourcecode.swift; path = Journal.swift; sourceTree = "<group>"; };
		B3542F152C9934D1006AE9DB /* JournalEntryListView.swift */ = {isa = PBXFileReference; lastKnownFileType = sourcecode.swift; path = JournalEntryListView.swift; sourceTree = "<group>"; };
		B3542F172C993C40006AE9DB /* JournalDetailsView.swift */ = {isa = PBXFileReference; lastKnownFileType = sourcecode.swift; path = JournalDetailsView.swift; sourceTree = "<group>"; };
		B3542F192C99499E006AE9DB /* SearchCompletions.swift */ = {isa = PBXFileReference; lastKnownFileType = sourcecode.swift; path = SearchCompletions.swift; sourceTree = "<group>"; };
		B3542F1B2C9949B9006AE9DB /* SearchResult.swift */ = {isa = PBXFileReference; lastKnownFileType = sourcecode.swift; path = SearchResult.swift; sourceTree = "<group>"; };
/* End PBXFileReference section */

/* Begin PBXFrameworksBuildPhase section */
		B3542ED22C92DC96006AE9DB /* Frameworks */ = {
			isa = PBXFrameworksBuildPhase;
			buildActionMask = 2147483647;
			files = (
			);
			runOnlyForDeploymentPostprocessing = 0;
		};
/* End PBXFrameworksBuildPhase section */

/* Begin PBXGroup section */
		B3542ECC2C92DC96006AE9DB = {
			isa = PBXGroup;
			children = (
				B3542ED72C92DC96006AE9DB /* LandmarkMapApp */,
				B3542ED62C92DC96006AE9DB /* Products */,
			);
			sourceTree = "<group>";
		};
		B3542ED62C92DC96006AE9DB /* Products */ = {
			isa = PBXGroup;
			children = (
				B3542ED52C92DC96006AE9DB /* LandmarkMapApp.app */,
			);
			name = Products;
			sourceTree = "<group>";
		};
		B3542ED72C92DC96006AE9DB /* LandmarkMapApp */ = {
			isa = PBXGroup;
			children = (
				B3542EFC2C949FCE006AE9DB /* Info.plist */,
				B3542EE92C92DDD1006AE9DB /* Views */,
				B3542EEA2C92DDD6006AE9DB /* ViewModels */,
				B3542EE82C92DDCA006AE9DB /* Models */,
				B3542ED82C92DC96006AE9DB /* LandmarkMapAppApp.swift */,
				B3542EDA2C92DC96006AE9DB /* ContentView.swift */,
				B3542EE62C92DD07006AE9DB /* Assets.xcassets */,
				B3542EDE2C92DC97006AE9DB /* Preview Content */,
			);
			path = LandmarkMapApp;
			sourceTree = "<group>";
		};
		B3542EDE2C92DC97006AE9DB /* Preview Content */ = {
			isa = PBXGroup;
			children = (
				B3542EDF2C92DC97006AE9DB /* Preview Assets.xcassets */,
			);
			path = "Preview Content";
			sourceTree = "<group>";
		};
		B3542EE82C92DDCA006AE9DB /* Models */ = {
			isa = PBXGroup;
			children = (
				B3542F0D2C991858006AE9DB /* Pin.swift */,
				B3542F132C99275A006AE9DB /* Journal.swift */,
				B3542F192C99499E006AE9DB /* SearchCompletions.swift */,
				B3542F1B2C9949B9006AE9DB /* SearchResult.swift */,
			);
			path = Models;
			sourceTree = "<group>";
		};
		B3542EE92C92DDD1006AE9DB /* Views */ = {
			isa = PBXGroup;
			children = (
				B3542F072C9811BE006AE9DB /* SheetView.swift */,
				B3542F092C9814AA006AE9DB /* SearchableMap.swift */,
				B3542F0F2C991C63006AE9DB /* NewJournalEntryView.swift */,
				B3542F112C992273006AE9DB /* ImagePickerView.swift */,
				B3542F152C9934D1006AE9DB /* JournalEntryListView.swift */,
				B3542F172C993C40006AE9DB /* JournalDetailsView.swift */,
			);
			path = Views;
			sourceTree = "<group>";
		};
		B3542EEA2C92DDD6006AE9DB /* ViewModels */ = {
			isa = PBXGroup;
			children = (
				B3542F052C980FC9006AE9DB /* LocationService.swift */,
				B3542F0B2C982242006AE9DB /* JournalViewModel.swift */,
			);
			path = ViewModels;
			sourceTree = "<group>";
		};
/* End PBXGroup section */

/* Begin PBXNativeTarget section */
		B3542ED42C92DC96006AE9DB /* LandmarkMapApp */ = {
			isa = PBXNativeTarget;
			buildConfigurationList = B3542EE32C92DC97006AE9DB /* Build configuration list for PBXNativeTarget "LandmarkMapApp" */;
			buildPhases = (
				B3542ED12C92DC96006AE9DB /* Sources */,
				B3542ED22C92DC96006AE9DB /* Frameworks */,
				B3542ED32C92DC96006AE9DB /* Resources */,
			);
			buildRules = (
			);
			dependencies = (
			);
			name = LandmarkMapApp;
			productName = LandmarkMapApp;
			productReference = B3542ED52C92DC96006AE9DB /* LandmarkMapApp.app */;
			productType = "com.apple.product-type.application";
		};
/* End PBXNativeTarget section */

/* Begin PBXProject section */
		B3542ECD2C92DC96006AE9DB /* Project object */ = {
			isa = PBXProject;
			attributes = {
				BuildIndependentTargetsInParallel = 1;
				LastSwiftUpdateCheck = 1510;
				LastUpgradeCheck = 1510;
				TargetAttributes = {
					B3542ED42C92DC96006AE9DB = {
						CreatedOnToolsVersion = 15.1;
					};
				};
			};
			buildConfigurationList = B3542ED02C92DC96006AE9DB /* Build configuration list for PBXProject "LandmarkMapApp" */;
			compatibilityVersion = "Xcode 14.0";
			developmentRegion = en;
			hasScannedForEncodings = 0;
			knownRegions = (
				en,
				Base,
			);
			mainGroup = B3542ECC2C92DC96006AE9DB;
			productRefGroup = B3542ED62C92DC96006AE9DB /* Products */;
			projectDirPath = "";
			projectRoot = "";
			targets = (
				B3542ED42C92DC96006AE9DB /* LandmarkMapApp */,
			);
		};
/* End PBXProject section */

/* Begin PBXResourcesBuildPhase section */
		B3542ED32C92DC96006AE9DB /* Resources */ = {
			isa = PBXResourcesBuildPhase;
			buildActionMask = 2147483647;
			files = (
				B3542EE72C92DD07006AE9DB /* Assets.xcassets in Resources */,
				B3542EE02C92DC97006AE9DB /* Preview Assets.xcassets in Resources */,
			);
			runOnlyForDeploymentPostprocessing = 0;
		};
/* End PBXResourcesBuildPhase section */

/* Begin PBXSourcesBuildPhase section */
		B3542ED12C92DC96006AE9DB /* Sources */ = {
			isa = PBXSourcesBuildPhase;
			buildActionMask = 2147483647;
			files = (
				B3542F0C2C982242006AE9DB /* JournalViewModel.swift in Sources */,
				B3542F0E2C991858006AE9DB /* Pin.swift in Sources */,
				B3542F122C992273006AE9DB /* ImagePickerView.swift in Sources */,
				B3542F182C993C40006AE9DB /* JournalDetailsView.swift in Sources */,
				B3542F142C99275A006AE9DB /* Journal.swift in Sources */,
				B3542F1A2C99499E006AE9DB /* SearchCompletions.swift in Sources */,
				B3542F162C9934D1006AE9DB /* JournalEntryListView.swift in Sources */,
				B3542F0A2C9814AA006AE9DB /* SearchableMap.swift in Sources */,
				B3542F1C2C9949B9006AE9DB /* SearchResult.swift in Sources */,
				B3542F102C991C63006AE9DB /* NewJournalEntryView.swift in Sources */,
				B3542F062C980FC9006AE9DB /* LocationService.swift in Sources */,
				B3542EDB2C92DC96006AE9DB /* ContentView.swift in Sources */,
				B3542F082C9811BE006AE9DB /* SheetView.swift in Sources */,
				B3542ED92C92DC96006AE9DB /* LandmarkMapAppApp.swift in Sources */,
			);
			runOnlyForDeploymentPostprocessing = 0;
		};
/* End PBXSourcesBuildPhase section */

/* Begin XCBuildConfiguration section */
		B3542EE12C92DC97006AE9DB /* Debug */ = {
			isa = XCBuildConfiguration;
			buildSettings = {
				ALWAYS_SEARCH_USER_PATHS = NO;
				ASSETCATALOG_COMPILER_GENERATE_SWIFT_ASSET_SYMBOL_EXTENSIONS = YES;
				CLANG_ANALYZER_NONNULL = YES;
				CLANG_ANALYZER_NUMBER_OBJECT_CONVERSION = YES_AGGRESSIVE;
				CLANG_CXX_LANGUAGE_STANDARD = "gnu++20";
				CLANG_ENABLE_MODULES = YES;
				CLANG_ENABLE_OBJC_ARC = YES;
				CLANG_ENABLE_OBJC_WEAK = YES;
				CLANG_WARN_BLOCK_CAPTURE_AUTORELEASING = YES;
				CLANG_WARN_BOOL_CONVERSION = YES;
				CLANG_WARN_COMMA = YES;
				CLANG_WARN_CONSTANT_CONVERSION = YES;
				CLANG_WARN_DEPRECATED_OBJC_IMPLEMENTATIONS = YES;
				CLANG_WARN_DIRECT_OBJC_ISA_USAGE = YES_ERROR;
				CLANG_WARN_DOCUMENTATION_COMMENTS = YES;
				CLANG_WARN_EMPTY_BODY = YES;
				CLANG_WARN_ENUM_CONVERSION = YES;
				CLANG_WARN_INFINITE_RECURSION = YES;
				CLANG_WARN_INT_CONVERSION = YES;
				CLANG_WARN_NON_LITERAL_NULL_CONVERSION = YES;
				CLANG_WARN_OBJC_IMPLICIT_RETAIN_SELF = YES;
				CLANG_WARN_OBJC_LITERAL_CONVERSION = YES;
				CLANG_WARN_OBJC_ROOT_CLASS = YES_ERROR;
				CLANG_WARN_QUOTED_INCLUDE_IN_FRAMEWORK_HEADER = YES;
				CLANG_WARN_RANGE_LOOP_ANALYSIS = YES;
				CLANG_WARN_STRICT_PROTOTYPES = YES;
				CLANG_WARN_SUSPICIOUS_MOVE = YES;
				CLANG_WARN_UNGUARDED_AVAILABILITY = YES_AGGRESSIVE;
				CLANG_WARN_UNREACHABLE_CODE = YES;
				CLANG_WARN__DUPLICATE_METHOD_MATCH = YES;
				COPY_PHASE_STRIP = NO;
				DEBUG_INFORMATION_FORMAT = dwarf;
				ENABLE_STRICT_OBJC_MSGSEND = YES;
				ENABLE_TESTABILITY = YES;
				ENABLE_USER_SCRIPT_SANDBOXING = YES;
				GCC_C_LANGUAGE_STANDARD = gnu17;
				GCC_DYNAMIC_NO_PIC = NO;
				GCC_NO_COMMON_BLOCKS = YES;
				GCC_OPTIMIZATION_LEVEL = 0;
				GCC_PREPROCESSOR_DEFINITIONS = (
					"DEBUG=1",
					"$(inherited)",
				);
				GCC_WARN_64_TO_32_BIT_CONVERSION = YES;
				GCC_WARN_ABOUT_RETURN_TYPE = YES_ERROR;
				GCC_WARN_UNDECLARED_SELECTOR = YES;
				GCC_WARN_UNINITIALIZED_AUTOS = YES_AGGRESSIVE;
				GCC_WARN_UNUSED_FUNCTION = YES;
				GCC_WARN_UNUSED_VARIABLE = YES;
				IPHONEOS_DEPLOYMENT_TARGET = 17.2;
				LOCALIZATION_PREFERS_STRING_CATALOGS = YES;
				MTL_ENABLE_DEBUG_INFO = INCLUDE_SOURCE;
				MTL_FAST_MATH = YES;
				ONLY_ACTIVE_ARCH = YES;
				SDKROOT = iphoneos;
				SWIFT_ACTIVE_COMPILATION_CONDITIONS = "DEBUG $(inherited)";
				SWIFT_OPTIMIZATION_LEVEL = "-Onone";
			};
			name = Debug;
		};
		B3542EE22C92DC97006AE9DB /* Release */ = {
			isa = XCBuildConfiguration;
			buildSettings = {
				ALWAYS_SEARCH_USER_PATHS = NO;
				ASSETCATALOG_COMPILER_GENERATE_SWIFT_ASSET_SYMBOL_EXTENSIONS = YES;
				CLANG_ANALYZER_NONNULL = YES;
				CLANG_ANALYZER_NUMBER_OBJECT_CONVERSION = YES_AGGRESSIVE;
				CLANG_CXX_LANGUAGE_STANDARD = "gnu++20";
				CLANG_ENABLE_MODULES = YES;
				CLANG_ENABLE_OBJC_ARC = YES;
				CLANG_ENABLE_OBJC_WEAK = YES;
				CLANG_WARN_BLOCK_CAPTURE_AUTORELEASING = YES;
				CLANG_WARN_BOOL_CONVERSION = YES;
				CLANG_WARN_COMMA = YES;
				CLANG_WARN_CONSTANT_CONVERSION = YES;
				CLANG_WARN_DEPRECATED_OBJC_IMPLEMENTATIONS = YES;
				CLANG_WARN_DIRECT_OBJC_ISA_USAGE = YES_ERROR;
				CLANG_WARN_DOCUMENTATION_COMMENTS = YES;
				CLANG_WARN_EMPTY_BODY = YES;
				CLANG_WARN_ENUM_CONVERSION = YES;
				CLANG_WARN_INFINITE_RECURSION = YES;
				CLANG_WARN_INT_CONVERSION = YES;
				CLANG_WARN_NON_LITERAL_NULL_CONVERSION = YES;
				CLANG_WARN_OBJC_IMPLICIT_RETAIN_SELF = YES;
				CLANG_WARN_OBJC_LITERAL_CONVERSION = YES;
				CLANG_WARN_OBJC_ROOT_CLASS = YES_ERROR;
				CLANG_WARN_QUOTED_INCLUDE_IN_FRAMEWORK_HEADER = YES;
				CLANG_WARN_RANGE_LOOP_ANALYSIS = YES;
				CLANG_WARN_STRICT_PROTOTYPES = YES;
				CLANG_WARN_SUSPICIOUS_MOVE = YES;
				CLANG_WARN_UNGUARDED_AVAILABILITY = YES_AGGRESSIVE;
				CLANG_WARN_UNREACHABLE_CODE = YES;
				CLANG_WARN__DUPLICATE_METHOD_MATCH = YES;
				COPY_PHASE_STRIP = NO;
				DEBUG_INFORMATION_FORMAT = "dwarf-with-dsym";
				ENABLE_NS_ASSERTIONS = NO;
				ENABLE_STRICT_OBJC_MSGSEND = YES;
				ENABLE_USER_SCRIPT_SANDBOXING = YES;
				GCC_C_LANGUAGE_STANDARD = gnu17;
				GCC_NO_COMMON_BLOCKS = YES;
				GCC_WARN_64_TO_32_BIT_CONVERSION = YES;
				GCC_WARN_ABOUT_RETURN_TYPE = YES_ERROR;
				GCC_WARN_UNDECLARED_SELECTOR = YES;
				GCC_WARN_UNINITIALIZED_AUTOS = YES_AGGRESSIVE;
				GCC_WARN_UNUSED_FUNCTION = YES;
				GCC_WARN_UNUSED_VARIABLE = YES;
				IPHONEOS_DEPLOYMENT_TARGET = 17.2;
				LOCALIZATION_PREFERS_STRING_CATALOGS = YES;
				MTL_ENABLE_DEBUG_INFO = NO;
				MTL_FAST_MATH = YES;
				SDKROOT = iphoneos;
				SWIFT_COMPILATION_MODE = wholemodule;
				VALIDATE_PRODUCT = YES;
			};
			name = Release;
		};
		B3542EE42C92DC97006AE9DB /* Debug */ = {
			isa = XCBuildConfiguration;
			buildSettings = {
				ASSETCATALOG_COMPILER_APPICON_NAME = AppIcon;
				ASSETCATALOG_COMPILER_GLOBAL_ACCENT_COLOR_NAME = AccentColor;
				CODE_SIGN_STYLE = Automatic;
				CURRENT_PROJECT_VERSION = 1;
				DEVELOPMENT_ASSET_PATHS = "\"LandmarkMapApp/Preview Content\"";
				DEVELOPMENT_TEAM = 76JC544WPM;
				ENABLE_PREVIEWS = YES;
				GENERATE_INFOPLIST_FILE = YES;
				INFOPLIST_FILE = LandmarkMapApp/Info.plist;
				INFOPLIST_KEY_CFBundleDisplayName = Locations;
				INFOPLIST_KEY_UIApplicationSceneManifest_Generation = YES;
				INFOPLIST_KEY_UIApplicationSupportsIndirectInputEvents = YES;
				INFOPLIST_KEY_UISupportedInterfaceOrientations = UIInterfaceOrientationPortrait;
				INFOPLIST_KEY_UISupportedInterfaceOrientations_iPad = "UIInterfaceOrientationLandscapeLeft UIInterfaceOrientationLandscapeRight UIInterfaceOrientationPortrait UIInterfaceOrientationPortraitUpsideDown";
				IPHONEOS_DEPLOYMENT_TARGET = 17.0;
				LD_RUNPATH_SEARCH_PATHS = (
					"$(inherited)",
					"@executable_path/Frameworks",
				);
				MARKETING_VERSION = 1.0;
				PRODUCT_BUNDLE_IDENTIFIER = com.glitch.LandmarkMapApp;
				PRODUCT_NAME = "$(TARGET_NAME)";
				SWIFT_EMIT_LOC_STRINGS = YES;
				SWIFT_VERSION = 5.0;
				TARGETED_DEVICE_FAMILY = "1,2";
			};
			name = Debug;
		};
		B3542EE52C92DC97006AE9DB /* Release */ = {
			isa = XCBuildConfiguration;
			buildSettings = {
				ASSETCATALOG_COMPILER_APPICON_NAME = AppIcon;
				ASSETCATALOG_COMPILER_GLOBAL_ACCENT_COLOR_NAME = AccentColor;
				CODE_SIGN_STYLE = Automatic;
				CURRENT_PROJECT_VERSION = 1;
				DEVELOPMENT_ASSET_PATHS = "\"LandmarkMapApp/Preview Content\"";
				DEVELOPMENT_TEAM = 76JC544WPM;
				ENABLE_PREVIEWS = YES;
				GENERATE_INFOPLIST_FILE = YES;
				INFOPLIST_FILE = LandmarkMapApp/Info.plist;
				INFOPLIST_KEY_CFBundleDisplayName = Locations;
				INFOPLIST_KEY_UIApplicationSceneManifest_Generation = YES;
				INFOPLIST_KEY_UIApplicationSupportsIndirectInputEvents = YES;
				INFOPLIST_KEY_UISupportedInterfaceOrientations = UIInterfaceOrientationPortrait;
				INFOPLIST_KEY_UISupportedInterfaceOrientations_iPad = "UIInterfaceOrientationLandscapeLeft UIInterfaceOrientationLandscapeRight UIInterfaceOrientationPortrait UIInterfaceOrientationPortraitUpsideDown";
				IPHONEOS_DEPLOYMENT_TARGET = 17.0;
				LD_RUNPATH_SEARCH_PATHS = (
					"$(inherited)",
					"@executable_path/Frameworks",
				);
				MARKETING_VERSION = 1.0;
				PRODUCT_BUNDLE_IDENTIFIER = com.glitch.LandmarkMapApp;
				PRODUCT_NAME = "$(TARGET_NAME)";
				SWIFT_EMIT_LOC_STRINGS = YES;
				SWIFT_VERSION = 5.0;
				TARGETED_DEVICE_FAMILY = "1,2";
			};
			name = Release;
		};
/* End XCBuildConfiguration section */

/* Begin XCConfigurationList section */
		B3542ED02C92DC96006AE9DB /* Build configuration list for PBXProject "LandmarkMapApp" */ = {
			isa = XCConfigurationList;
			buildConfigurations = (
				B3542EE12C92DC97006AE9DB /* Debug */,
				B3542EE22C92DC97006AE9DB /* Release */,
			);
			defaultConfigurationIsVisible = 0;
			defaultConfigurationName = Release;
		};
		B3542EE32C92DC97006AE9DB /* Build configuration list for PBXNativeTarget "LandmarkMapApp" */ = {
			isa = XCConfigurationList;
			buildConfigurations = (
				B3542EE42C92DC97006AE9DB /* Debug */,
				B3542EE52C92DC97006AE9DB /* Release */,
			);
			defaultConfigurationIsVisible = 0;
			defaultConfigurationName = Release;
		};
/* End XCConfigurationList section */
	};
	rootObject = B3542ECD2C92DC96006AE9DB /* Project object */;
}
